
Microsoft Visual Studio Solution File, Format Version 12.00
# Visual Studio 15
VisualStudioVersion = 15.0.28307.168
MinimumVisualStudioVersion = 10.0.40219.1
Project("{9A19103F-16F7-4668-BE54-9A1E7A4F7556}") = "CoherentSolutions.Extensions.Configuration.AnyWhere", "CoherentSolutions.Extensions.Configuration.AnyWhere\CoherentSolutions.Extensions.Configuration.AnyWhere.csproj", "{4A900718-1358-4806-955B-FF5B03E31F73}"
EndProject
Project("{9A19103F-16F7-4668-BE54-9A1E7A4F7556}") = "CoherentSolutions.Extensions.Configuration.AnyWhere.Abstractions", "CoherentSolutions.Extensions.Configuration.AnyWhere.Abstractions\CoherentSolutions.Extensions.Configuration.AnyWhere.Abstractions.csproj", "{A288E456-7BBB-4292-92A0-4C9620A695B0}"
EndProject
Project("{9A19103F-16F7-4668-BE54-9A1E7A4F7556}") = "CoherentSolutions.Extensions.Configuration.AnyWhere.Tests", "CoherentSolutions.Extensions.Configuration.AnyWhere.Tests\CoherentSolutions.Extensions.Configuration.AnyWhere.Tests.csproj", "{6D81625E-33DC-42ED-ABEF-5B00CE3AB89C}"
EndProject
Project("{9A19103F-16F7-4668-BE54-9A1E7A4F7556}") = "CoherentSolutions.Extensions.Configuration.AnyWhere.KeyPerFile", "CoherentSolutions.Extensions.Configuration.AnyWhere.KeyPerFile\CoherentSolutions.Extensions.Configuration.AnyWhere.KeyPerFile.csproj", "{275D9D4F-FF00-430E-919E-7D91DD5D030F}"
EndProject
Project("{9A19103F-16F7-4668-BE54-9A1E7A4F7556}") = "CoherentSolutions.Extensions.Configuration.AnyWhere.AdapterList", "CoherentSolutions.Extensions.Configuration.AnyWhere.AdapterList\CoherentSolutions.Extensions.Configuration.AnyWhere.AdapterList.csproj", "{8513A6E4-7E7C-4CD6-9F99-321EE6DAE237}"
EndProject
Project("{2150E333-8FDC-42A3-9474-1A3956D46DE8}") = "Solution Items", "Solution Items", "{37D466D1-140F-450B-A10B-BA970394B748}"
	ProjectSection(SolutionItems) = preProject
		..\CONTRIBUTING.md = ..\CONTRIBUTING.md
		..\LICENSE.md = ..\LICENSE.md
		..\README.md = ..\README.md
	EndProjectSection
EndProject
Project("{9A19103F-16F7-4668-BE54-9A1E7A4F7556}") = "CoherentSolutions.Extensions.Configuration.AnyWhere.Json", "CoherentSolutions.Extensions.Configuration.AnyWhere.Json\CoherentSolutions.Extensions.Configuration.AnyWhere.Json.csproj", "{D63E1765-26F4-4F13-B3D4-9850BAAC9277}"
EndProject
Project("{9A19103F-16F7-4668-BE54-9A1E7A4F7556}") = "CoherentSolutions.Extensions.Configuration.AnyWhere.EnvironmentVariables", "CoherentSolutions.Extensions.Configuration.AnyWhere.EnvironmentVariables\CoherentSolutions.Extensions.Configuration.AnyWhere.EnvironmentVariables.csproj", "{13024772-38EA-4615-8C7B-B6B48A739B0B}"
EndProject
Global
	GlobalSection(SolutionConfigurationPlatforms) = preSolution
		Debug|Any CPU = Debug|Any CPU
		Release|Any CPU = Release|Any CPU
	EndGlobalSection
	GlobalSection(ProjectConfigurationPlatforms) = postSolution
		{4A900718-1358-4806-955B-FF5B03E31F73}.Debug|Any CPU.ActiveCfg = Debug|Any CPU
		{4A900718-1358-4806-955B-FF5B03E31F73}.Debug|Any CPU.Build.0 = Debug|Any CPU
		{4A900718-1358-4806-955B-FF5B03E31F73}.Release|Any CPU.ActiveCfg = Release|Any CPU
		{4A900718-1358-4806-955B-FF5B03E31F73}.Release|Any CPU.Build.0 = Release|Any CPU
		{A288E456-7BBB-4292-92A0-4C9620A695B0}.Debug|Any CPU.ActiveCfg = Debug|Any CPU
		{A288E456-7BBB-4292-92A0-4C9620A695B0}.Debug|Any CPU.Build.0 = Debug|Any CPU
		{A288E456-7BBB-4292-92A0-4C9620A695B0}.Release|Any CPU.ActiveCfg = Release|Any CPU
		{A288E456-7BBB-4292-92A0-4C9620A695B0}.Release|Any CPU.Build.0 = Release|Any CPU
		{6D81625E-33DC-42ED-ABEF-5B00CE3AB89C}.Debug|Any CPU.ActiveCfg = Debug|Any CPU
		{6D81625E-33DC-42ED-ABEF-5B00CE3AB89C}.Debug|Any CPU.Build.0 = Debug|Any CPU
		{6D81625E-33DC-42ED-ABEF-5B00CE3AB89C}.Release|Any CPU.ActiveCfg = Release|Any CPU
		{6D81625E-33DC-42ED-ABEF-5B00CE3AB89C}.Release|Any CPU.Build.0 = Release|Any CPU
		{275D9D4F-FF00-430E-919E-7D91DD5D030F}.Debug|Any CPU.ActiveCfg = Debug|Any CPU
		{275D9D4F-FF00-430E-919E-7D91DD5D030F}.Debug|Any CPU.Build.0 = Debug|Any CPU
		{275D9D4F-FF00-430E-919E-7D91DD5D030F}.Release|Any CPU.ActiveCfg = Release|Any CPU
		{275D9D4F-FF00-430E-919E-7D91DD5D030F}.Release|Any CPU.Build.0 = Release|Any CPU
		{8513A6E4-7E7C-4CD6-9F99-321EE6DAE237}.Debug|Any CPU.ActiveCfg = Debug|Any CPU
		{8513A6E4-7E7C-4CD6-9F99-321EE6DAE237}.Debug|Any CPU.Build.0 = Debug|Any CPU
		{8513A6E4-7E7C-4CD6-9F99-321EE6DAE237}.Release|Any CPU.ActiveCfg = Release|Any CPU
		{8513A6E4-7E7C-4CD6-9F99-321EE6DAE237}.Release|Any CPU.Build.0 = Release|Any CPU
		{D63E1765-26F4-4F13-B3D4-9850BAAC9277}.Debug|Any CPU.ActiveCfg = Debug|Any CPU
		{D63E1765-26F4-4F13-B3D4-9850BAAC9277}.Debug|Any CPU.Build.0 = Debug|Any CPU
		{D63E1765-26F4-4F13-B3D4-9850BAAC9277}.Release|Any CPU.ActiveCfg = Release|Any CPU
		{D63E1765-26F4-4F13-B3D4-9850BAAC9277}.Release|Any CPU.Build.0 = Release|Any CPU
		{13024772-38EA-4615-8C7B-B6B48A739B0B}.Debug|Any CPU.ActiveCfg = Debug|Any CPU
		{13024772-38EA-4615-8C7B-B6B48A739B0B}.Debug|Any CPU.Build.0 = Debug|Any CPU
		{13024772-38EA-4615-8C7B-B6B48A739B0B}.Release|Any CPU.ActiveCfg = Release|Any CPU
		{13024772-38EA-4615-8C7B-B6B48A739B0B}.Release|Any CPU.Build.0 = Release|Any CPU
	EndGlobalSection
	GlobalSection(SolutionProperties) = preSolution
		HideSolutionNode = FALSE
	EndGlobalSection
	GlobalSection(ExtensibilityGlobals) = postSolution
		SolutionGuid = {E7C15202-0CA6-4145-83AC-10DC945996FE}
	EndGlobalSection
EndGlobal
